
Microsoft Visual Studio Solution File, Format Version 12.00
# Visual Studio 14
VisualStudioVersion = 14.0.23107.0
MinimumVisualStudioVersion = 10.0.40219.1
Project("{FAE04EC0-301F-11D3-BF4B-00C04F79EFBC}") = "Model", "Model\Model.csproj", "{D721EBAF-05B0-4042-A30B-D907D0C0AB31}"
EndProject
Project("{FAE04EC0-301F-11D3-BF4B-00C04F79EFBC}") = "View", "View\View.csproj", "{40A32F80-F2A0-44A3-9040-14D6D3E11950}"
EndProject
Global
	GlobalSection(SolutionConfigurationPlatforms) = preSolution
		Debug|Any CPU = Debug|Any CPU
		Release|Any CPU = Release|Any CPU
	EndGlobalSection
	GlobalSection(ProjectConfigurationPlatforms) = postSolution
		{D721EBAF-05B0-4042-A30B-D907D0C0AB31}.Debug|Any CPU.ActiveCfg = Debug|Any CPU
		{D721EBAF-05B0-4042-A30B-D907D0C0AB31}.Debug|Any CPU.Build.0 = Debug|Any CPU
		{D721EBAF-05B0-4042-A30B-D907D0C0AB31}.Release|Any CPU.ActiveCfg = Release|Any CPU
		{D721EBAF-05B0-4042-A30B-D907D0C0AB31}.Release|Any CPU.Build.0 = Release|Any CPU
		{40A32F80-F2A0-44A3-9040-14D6D3E11950}.Debug|Any CPU.ActiveCfg = Debug|Any CPU
		{40A32F80-F2A0-44A3-9040-14D6D3E11950}.Debug|Any CPU.Build.0 = Debug|Any CPU
		{40A32F80-F2A0-44A3-9040-14D6D3E11950}.Release|Any CPU.ActiveCfg = Release|Any CPU
		{40A32F80-F2A0-44A3-9040-14D6D3E11950}.Release|Any CPU.Build.0 = Release|Any CPU
	EndGlobalSection
	GlobalSection(SolutionProperties) = preSolution
		HideSolutionNode = FALSE
	EndGlobalSection
EndGlobal
